{
  "version": 4,
  "terraform_version": "1.13.4",
  "serial": 22,
  "lineage": "dcd87d90-8152-342e-02c2-344724b63c67",
  "outputs": {
    "asset_buckets": {
      "value": {
        "ebooks-private": {
          "bucket_arn": "arn:aws:s3:::clarivum-app-prod-ebooks-private-4dff",
          "bucket_domain_name": "clarivum-app-prod-ebooks-private-4dff.s3.eu-central-1.amazonaws.com",
          "bucket_name": "clarivum-app-prod-ebooks-private-4dff"
        },
        "ebooks-public": {
          "bucket_arn": "arn:aws:s3:::clarivum-app-prod-ebooks-public-dedb",
          "bucket_domain_name": "clarivum-app-prod-ebooks-public-dedb.s3.eu-central-1.amazonaws.com",
          "bucket_name": "clarivum-app-prod-ebooks-public-dedb"
        }
      },
      "type": [
        "object",
        {
          "ebooks-private": [
            "object",
            {
              "bucket_arn": "string",
              "bucket_domain_name": "string",
              "bucket_name": "string"
            }
          ],
          "ebooks-public": [
            "object",
            {
              "bucket_arn": "string",
              "bucket_domain_name": "string",
              "bucket_name": "string"
            }
          ]
        }
      ]
    },
    "aurora_cluster_arn": {
      "value": "arn:aws:rds:eu-central-1:869603330574:cluster:platform-prod-aurora",
      "type": "string"
    },
    "aurora_connection_uri": {
      "value": "postgresql://platformadmin:0zOYFYTpl_yP%21_cyAwAIp%25iEvYy8%3Db9c@platform-prod-aurora.cluster-c3ss2q66m8yw.eu-central-1.rds.amazonaws.com:5432/clarivum",
      "type": "string",
      "sensitive": true
    },
    "aurora_db_subnet_group": {
      "value": "platform-prod-aurora-subnet-group",
      "type": "string"
    },
    "aurora_master_password": {
      "value": "0zOYFYTpl_yP!_cyAwAIp%iEvYy8=b9c",
      "type": "string",
      "sensitive": true
    },
    "aurora_master_username": {
      "value": "platformadmin",
      "type": "string"
    },
    "aurora_reader_endpoint": {
      "value": "platform-prod-aurora.cluster-ro-c3ss2q66m8yw.eu-central-1.rds.amazonaws.com",
      "type": "string"
    },
    "aurora_writer_endpoint": {
      "value": "platform-prod-aurora.cluster-c3ss2q66m8yw.eu-central-1.rds.amazonaws.com",
      "type": "string"
    }
  },
  "resources": [
    {
      "module": "module.asset_buckets[\"ebooks-private\"]",
      "mode": "data",
      "type": "aws_iam_policy_document",
      "name": "secure_transport",
      "provider": "provider[\"registry.terraform.io/hashicorp/aws\"]",
      "instances": [
        {
          "schema_version": 0,
          "attributes": {
            "id": "2417064526",
            "json": "{\n  \"Version\": \"2012-10-17\",\n  \"Statement\": [\n    {\n      \"Sid\": \"DenyInsecureTransport\",\n      \"Effect\": \"Deny\",\n      \"Action\": \"s3:*\",\n      \"Resource\": [\n        \"arn:aws:s3:::clarivum-app-prod-ebooks-private-4dff/*\",\n        \"arn:aws:s3:::clarivum-app-prod-ebooks-private-4dff\"\n      ],\n      \"Principal\": \"*\",\n      \"Condition\": {\n        \"Bool\": {\n          \"aws:SecureTransport\": \"false\"\n        }\n      }\n    }\n  ]\n}",
            "minified_json": "{\"Version\":\"2012-10-17\",\"Statement\":[{\"Sid\":\"DenyInsecureTransport\",\"Effect\":\"Deny\",\"Action\":\"s3:*\",\"Resource\":[\"arn:aws:s3:::clarivum-app-prod-ebooks-private-4dff/*\",\"arn:aws:s3:::clarivum-app-prod-ebooks-private-4dff\"],\"Principal\":\"*\",\"Condition\":{\"Bool\":{\"aws:SecureTransport\":\"false\"}}}]}",
            "override_json": null,
            "override_policy_documents": null,
            "policy_id": null,
            "source_json": null,
            "source_policy_documents": null,
            "statement": [
              {
                "actions": [
                  "s3:*"
                ],
                "condition": [
                  {
                    "test": "Bool",
                    "values": [
                      "false"
                    ],
                    "variable": "aws:SecureTransport"
                  }
                ],
                "effect": "Deny",
                "not_actions": [],
                "not_principals": [],
                "not_resources": [],
                "principals": [
                  {
                    "identifiers": [
                      "*"
                    ],
                    "type": "*"
                  }
                ],
                "resources": [
                  "arn:aws:s3:::clarivum-app-prod-ebooks-private-4dff",
                  "arn:aws:s3:::clarivum-app-prod-ebooks-private-4dff/*"
                ],
                "sid": "DenyInsecureTransport"
              }
            ],
            "version": "2012-10-17"
          },
          "sensitive_attributes": [],
          "identity_schema_version": 0
        }
      ]
    },
    {
      "module": "module.asset_buckets[\"ebooks-private\"]",
      "mode": "managed",
      "type": "aws_s3_bucket",
      "name": "this",
      "provider": "provider[\"registry.terraform.io/hashicorp/aws\"]",
      "instances": [
        {
          "schema_version": 0,
          "attributes": {
            "acceleration_status": "",
            "acl": null,
            "arn": "arn:aws:s3:::clarivum-app-prod-ebooks-private-4dff",
            "bucket": "clarivum-app-prod-ebooks-private-4dff",
            "bucket_domain_name": "clarivum-app-prod-ebooks-private-4dff.s3.amazonaws.com",
            "bucket_prefix": "",
            "bucket_region": "eu-central-1",
            "bucket_regional_domain_name": "clarivum-app-prod-ebooks-private-4dff.s3.eu-central-1.amazonaws.com",
            "cors_rule": [],
            "force_destroy": false,
            "grant": [
              {
                "id": "0939462713050c4095c768083b2e0229032a61da2bfa2d75b0e837d57f54117c",
                "permissions": [
                  "FULL_CONTROL"
                ],
                "type": "CanonicalUser",
                "uri": ""
              }
            ],
            "hosted_zone_id": "Z21DNDUVLTQW6Q",
            "id": "clarivum-app-prod-ebooks-private-4dff",
            "lifecycle_rule": [],
            "logging": [],
            "object_lock_configuration": [],
            "object_lock_enabled": false,
            "policy": "",
            "region": "eu-central-1",
            "replication_configuration": [],
            "request_payer": "BucketOwner",
            "server_side_encryption_configuration": [
              {
                "rule": [
                  {
                    "apply_server_side_encryption_by_default": [
                      {
                        "kms_master_key_id": "",
                        "sse_algorithm": "AES256"
                      }
                    ],
                    "bucket_key_enabled": false
                  }
                ]
              }
            ],
            "tags": {
              "Bucket": "ebooks-private",
              "Criticality": "tier-1",
              "Environment": "prod",
              "ManagedBy": "terraform",
              "Name": "clarivum-app-prod-ebooks-private-4dff",
              "Owner": "platform-team",
              "Repository": "clarivum",
              "Service": "app-data",
              "ServiceLine": "platform"
            },
            "tags_all": {
              "Bucket": "ebooks-private",
              "Criticality": "tier-1",
              "Environment": "prod",
              "ManagedBy": "terraform",
              "Name": "clarivum-app-prod-ebooks-private-4dff",
              "Owner": "platform-team",
              "Repository": "clarivum",
              "Service": "app-data",
              "ServiceLine": "platform"
            },
            "timeouts": null,
            "versioning": [
              {
                "enabled": false,
                "mfa_delete": false
              }
            ],
            "website": [],
            "website_domain": null,
            "website_endpoint": null
          },
          "sensitive_attributes": [],
          "identity_schema_version": 0,
          "identity": {
            "account_id": "869603330574",
            "bucket": "clarivum-app-prod-ebooks-private-4dff",
            "region": "eu-central-1"
          },
          "private": "eyJlMmJmYjczMC1lY2FhLTExZTYtOGY4OC0zNDM2M2JjN2M0YzAiOnsiY3JlYXRlIjoxMjAwMDAwMDAwMDAwLCJkZWxldGUiOjM2MDAwMDAwMDAwMDAsInJlYWQiOjEyMDAwMDAwMDAwMDAsInVwZGF0ZSI6MTIwMDAwMDAwMDAwMH19",
          "dependencies": [
            "module.asset_buckets.random_id.suffix"
          ]
        }
      ]
    },
    {
      "module": "module.asset_buckets[\"ebooks-private\"]",
      "mode": "managed",
      "type": "aws_s3_bucket_lifecycle_configuration",
      "name": "this",
      "provider": "provider[\"registry.terraform.io/hashicorp/aws\"]",
      "instances": [
        {
          "index_key": 0,
          "schema_version": 1,
          "attributes": {
            "bucket": "clarivum-app-prod-ebooks-private-4dff",
            "expected_bucket_owner": "",
            "id": "clarivum-app-prod-ebooks-private-4dff",
            "region": "eu-central-1",
            "rule": [
              {
                "abort_incomplete_multipart_upload": [
                  {
                    "days_after_initiation": 7
                  }
                ],
                "expiration": [],
                "filter": [],
                "id": "intelligent-tiering",
                "noncurrent_version_expiration": [
                  {
                    "newer_noncurrent_versions": null,
                    "noncurrent_days": 365
                  }
                ],
                "noncurrent_version_transition": [],
                "prefix": "",
                "status": "Enabled",
                "transition": [
                  {
                    "date": null,
                    "days": 180,
                    "storage_class": "INTELLIGENT_TIERING"
                  }
                ]
              }
            ],
            "timeouts": null,
            "transition_default_minimum_object_size": "all_storage_classes_128K"
          },
          "sensitive_attributes": [],
          "identity_schema_version": 0,
          "dependencies": [
            "module.asset_buckets.aws_s3_bucket.this",
            "module.asset_buckets.random_id.suffix"
          ]
        }
      ]
    },
    {
      "module": "module.asset_buckets[\"ebooks-private\"]",
      "mode": "managed",
      "type": "aws_s3_bucket_ownership_controls",
      "name": "this",
      "provider": "provider[\"registry.terraform.io/hashicorp/aws\"]",
      "instances": [
        {
          "schema_version": 0,
          "attributes": {
            "bucket": "clarivum-app-prod-ebooks-private-4dff",
            "id": "clarivum-app-prod-ebooks-private-4dff",
            "region": "eu-central-1",
            "rule": [
              {
                "object_ownership": "BucketOwnerEnforced"
              }
            ]
          },
          "sensitive_attributes": [],
          "identity_schema_version": 0,
          "identity": {
            "account_id": "869603330574",
            "bucket": "clarivum-app-prod-ebooks-private-4dff",
            "region": "eu-central-1"
          },
          "private": "bnVsbA==",
          "dependencies": [
            "module.asset_buckets.aws_s3_bucket.this",
            "module.asset_buckets.random_id.suffix"
          ]
        }
      ]
    },
    {
      "module": "module.asset_buckets[\"ebooks-private\"]",
      "mode": "managed",
      "type": "aws_s3_bucket_policy",
      "name": "secure_transport",
      "provider": "provider[\"registry.terraform.io/hashicorp/aws\"]",
      "instances": [
        {
          "schema_version": 0,
          "attributes": {
            "bucket": "clarivum-app-prod-ebooks-private-4dff",
            "id": "clarivum-app-prod-ebooks-private-4dff",
            "policy": "{\"Statement\":[{\"Action\":\"s3:*\",\"Condition\":{\"Bool\":{\"aws:SecureTransport\":\"false\"}},\"Effect\":\"Deny\",\"Principal\":\"*\",\"Resource\":[\"arn:aws:s3:::clarivum-app-prod-ebooks-private-4dff/*\",\"arn:aws:s3:::clarivum-app-prod-ebooks-private-4dff\"],\"Sid\":\"DenyInsecureTransport\"}],\"Version\":\"2012-10-17\"}",
            "region": "eu-central-1"
          },
          "sensitive_attributes": [],
          "identity_schema_version": 0,
          "identity": {
            "account_id": "869603330574",
            "bucket": "clarivum-app-prod-ebooks-private-4dff",
            "region": "eu-central-1"
          },
          "private": "bnVsbA==",
          "dependencies": [
            "module.asset_buckets.aws_s3_bucket.this",
            "module.asset_buckets.data.aws_iam_policy_document.secure_transport",
            "module.asset_buckets.random_id.suffix"
          ]
        }
      ]
    },
    {
      "module": "module.asset_buckets[\"ebooks-private\"]",
      "mode": "managed",
      "type": "aws_s3_bucket_public_access_block",
      "name": "this",
      "provider": "provider[\"registry.terraform.io/hashicorp/aws\"]",
      "instances": [
        {
          "schema_version": 0,
          "attributes": {
            "block_public_acls": true,
            "block_public_policy": true,
            "bucket": "clarivum-app-prod-ebooks-private-4dff",
            "id": "clarivum-app-prod-ebooks-private-4dff",
            "ignore_public_acls": true,
            "region": "eu-central-1",
            "restrict_public_buckets": true,
            "skip_destroy": null
          },
          "sensitive_attributes": [],
          "identity_schema_version": 0,
          "identity": {
            "account_id": "869603330574",
            "bucket": "clarivum-app-prod-ebooks-private-4dff",
            "region": "eu-central-1"
          },
          "private": "bnVsbA==",
          "dependencies": [
            "module.asset_buckets.aws_s3_bucket.this",
            "module.asset_buckets.random_id.suffix"
          ]
        }
      ]
    },
    {
      "module": "module.asset_buckets[\"ebooks-private\"]",
      "mode": "managed",
      "type": "aws_s3_bucket_server_side_encryption_configuration",
      "name": "this",
      "provider": "provider[\"registry.terraform.io/hashicorp/aws\"]",
      "instances": [
        {
          "schema_version": 0,
          "attributes": {
            "bucket": "clarivum-app-prod-ebooks-private-4dff",
            "expected_bucket_owner": "",
            "id": "clarivum-app-prod-ebooks-private-4dff",
            "region": "eu-central-1",
            "rule": [
              {
                "apply_server_side_encryption_by_default": [
                  {
                    "kms_master_key_id": "alias/aws/s3",
                    "sse_algorithm": "aws:kms"
                  }
                ],
                "bucket_key_enabled": null
              }
            ]
          },
          "sensitive_attributes": [],
          "identity_schema_version": 0,
          "identity": {
            "account_id": "869603330574",
            "bucket": "clarivum-app-prod-ebooks-private-4dff",
            "expected_bucket_owner": null,
            "region": "eu-central-1"
          },
          "private": "bnVsbA==",
          "dependencies": [
            "module.asset_buckets.aws_s3_bucket.this",
            "module.asset_buckets.random_id.suffix"
          ]
        }
      ]
    },
    {
      "module": "module.asset_buckets[\"ebooks-private\"]",
      "mode": "managed",
      "type": "aws_s3_bucket_versioning",
      "name": "this",
      "provider": "provider[\"registry.terraform.io/hashicorp/aws\"]",
      "instances": [
        {
          "schema_version": 0,
          "attributes": {
            "bucket": "clarivum-app-prod-ebooks-private-4dff",
            "expected_bucket_owner": "",
            "id": "clarivum-app-prod-ebooks-private-4dff",
            "mfa": null,
            "region": "eu-central-1",
            "versioning_configuration": [
              {
                "mfa_delete": "",
                "status": "Enabled"
              }
            ]
          },
          "sensitive_attributes": [],
          "identity_schema_version": 0,
          "identity": {
            "account_id": "869603330574",
            "bucket": "clarivum-app-prod-ebooks-private-4dff",
            "expected_bucket_owner": null,
            "region": "eu-central-1"
          },
          "private": "bnVsbA==",
          "dependencies": [
            "module.asset_buckets.aws_s3_bucket.this",
            "module.asset_buckets.random_id.suffix"
          ]
        }
      ]
    },
    {
      "module": "module.asset_buckets[\"ebooks-private\"]",
      "mode": "managed",
      "type": "random_id",
      "name": "suffix",
      "provider": "provider[\"registry.terraform.io/hashicorp/random\"]",
      "instances": [
        {
          "index_key": 0,
          "schema_version": 0,
          "attributes": {
            "b64_std": "Tf8=",
            "b64_url": "Tf8",
            "byte_length": 2,
            "dec": "19967",
            "hex": "4dff",
            "id": "Tf8",
            "keepers": {
              "prefix": "clarivum-app-prod-ebooks-private"
            },
            "prefix": null
          },
          "sensitive_attributes": [],
          "identity_schema_version": 0
        }
      ]
    },
    {
      "module": "module.asset_buckets[\"ebooks-public\"]",
      "mode": "data",
      "type": "aws_iam_policy_document",
      "name": "secure_transport",
      "provider": "provider[\"registry.terraform.io/hashicorp/aws\"]",
      "instances": [
        {
          "schema_version": 0,
          "attributes": {
            "id": "3154573773",
            "json": "{\n  \"Version\": \"2012-10-17\",\n  \"Statement\": [\n    {\n      \"Sid\": \"DenyInsecureTransport\",\n      \"Effect\": \"Deny\",\n      \"Action\": \"s3:*\",\n      \"Resource\": [\n        \"arn:aws:s3:::clarivum-app-prod-ebooks-public-dedb/*\",\n        \"arn:aws:s3:::clarivum-app-prod-ebooks-public-dedb\"\n      ],\n      \"Principal\": \"*\",\n      \"Condition\": {\n        \"Bool\": {\n          \"aws:SecureTransport\": \"false\"\n        }\n      }\n    }\n  ]\n}",
            "minified_json": "{\"Version\":\"2012-10-17\",\"Statement\":[{\"Sid\":\"DenyInsecureTransport\",\"Effect\":\"Deny\",\"Action\":\"s3:*\",\"Resource\":[\"arn:aws:s3:::clarivum-app-prod-ebooks-public-dedb/*\",\"arn:aws:s3:::clarivum-app-prod-ebooks-public-dedb\"],\"Principal\":\"*\",\"Condition\":{\"Bool\":{\"aws:SecureTransport\":\"false\"}}}]}",
            "override_json": null,
            "override_policy_documents": null,
            "policy_id": null,
            "source_json": null,
            "source_policy_documents": null,
            "statement": [
              {
                "actions": [
                  "s3:*"
                ],
                "condition": [
                  {
                    "test": "Bool",
                    "values": [
                      "false"
                    ],
                    "variable": "aws:SecureTransport"
                  }
                ],
                "effect": "Deny",
                "not_actions": [],
                "not_principals": [],
                "not_resources": [],
                "principals": [
                  {
                    "identifiers": [
                      "*"
                    ],
                    "type": "*"
                  }
                ],
                "resources": [
                  "arn:aws:s3:::clarivum-app-prod-ebooks-public-dedb",
                  "arn:aws:s3:::clarivum-app-prod-ebooks-public-dedb/*"
                ],
                "sid": "DenyInsecureTransport"
              }
            ],
            "version": "2012-10-17"
          },
          "sensitive_attributes": [],
          "identity_schema_version": 0
        }
      ]
    },
    {
      "module": "module.asset_buckets[\"ebooks-public\"]",
      "mode": "managed",
      "type": "aws_s3_bucket",
      "name": "this",
      "provider": "provider[\"registry.terraform.io/hashicorp/aws\"]",
      "instances": [
        {
          "schema_version": 0,
          "attributes": {
            "acceleration_status": "",
            "acl": null,
            "arn": "arn:aws:s3:::clarivum-app-prod-ebooks-public-dedb",
            "bucket": "clarivum-app-prod-ebooks-public-dedb",
            "bucket_domain_name": "clarivum-app-prod-ebooks-public-dedb.s3.amazonaws.com",
            "bucket_prefix": "",
            "bucket_region": "eu-central-1",
            "bucket_regional_domain_name": "clarivum-app-prod-ebooks-public-dedb.s3.eu-central-1.amazonaws.com",
            "cors_rule": [],
            "force_destroy": false,
            "grant": [
              {
                "id": "0939462713050c4095c768083b2e0229032a61da2bfa2d75b0e837d57f54117c",
                "permissions": [
                  "FULL_CONTROL"
                ],
                "type": "CanonicalUser",
                "uri": ""
              }
            ],
            "hosted_zone_id": "Z21DNDUVLTQW6Q",
            "id": "clarivum-app-prod-ebooks-public-dedb",
            "lifecycle_rule": [],
            "logging": [],
            "object_lock_configuration": [],
            "object_lock_enabled": false,
            "policy": "",
            "region": "eu-central-1",
            "replication_configuration": [],
            "request_payer": "BucketOwner",
            "server_side_encryption_configuration": [
              {
                "rule": [
                  {
                    "apply_server_side_encryption_by_default": [
                      {
                        "kms_master_key_id": "",
                        "sse_algorithm": "AES256"
                      }
                    ],
                    "bucket_key_enabled": false
                  }
                ]
              }
            ],
            "tags": {
              "Bucket": "ebooks-public",
              "Criticality": "tier-1",
              "Environment": "prod",
              "ManagedBy": "terraform",
              "Name": "clarivum-app-prod-ebooks-public-dedb",
              "Owner": "platform-team",
              "Repository": "clarivum",
              "Service": "app-data",
              "ServiceLine": "platform"
            },
            "tags_all": {
              "Bucket": "ebooks-public",
              "Criticality": "tier-1",
              "Environment": "prod",
              "ManagedBy": "terraform",
              "Name": "clarivum-app-prod-ebooks-public-dedb",
              "Owner": "platform-team",
              "Repository": "clarivum",
              "Service": "app-data",
              "ServiceLine": "platform"
            },
            "timeouts": null,
            "versioning": [
              {
                "enabled": false,
                "mfa_delete": false
              }
            ],
            "website": [],
            "website_domain": null,
            "website_endpoint": null
          },
          "sensitive_attributes": [],
          "identity_schema_version": 0,
          "identity": {
            "account_id": "869603330574",
            "bucket": "clarivum-app-prod-ebooks-public-dedb",
            "region": "eu-central-1"
          },
          "private": "eyJlMmJmYjczMC1lY2FhLTExZTYtOGY4OC0zNDM2M2JjN2M0YzAiOnsiY3JlYXRlIjoxMjAwMDAwMDAwMDAwLCJkZWxldGUiOjM2MDAwMDAwMDAwMDAsInJlYWQiOjEyMDAwMDAwMDAwMDAsInVwZGF0ZSI6MTIwMDAwMDAwMDAwMH19",
          "dependencies": [
            "module.asset_buckets.random_id.suffix"
          ]
        }
      ]
    },
    {
      "module": "module.asset_buckets[\"ebooks-public\"]",
      "mode": "managed",
      "type": "aws_s3_bucket_lifecycle_configuration",
      "name": "this",
      "provider": "provider[\"registry.terraform.io/hashicorp/aws\"]",
      "instances": [
        {
          "index_key": 0,
          "schema_version": 1,
          "attributes": {
            "bucket": "clarivum-app-prod-ebooks-public-dedb",
            "expected_bucket_owner": "",
            "id": "clarivum-app-prod-ebooks-public-dedb",
            "region": "eu-central-1",
            "rule": [
              {
                "abort_incomplete_multipart_upload": [
                  {
                    "days_after_initiation": 7
                  }
                ],
                "expiration": [],
                "filter": [],
                "id": "intelligent-tiering",
                "noncurrent_version_expiration": [
                  {
                    "newer_noncurrent_versions": null,
                    "noncurrent_days": 365
                  }
                ],
                "noncurrent_version_transition": [],
                "prefix": "",
                "status": "Enabled",
                "transition": [
                  {
                    "date": null,
                    "days": 180,
                    "storage_class": "INTELLIGENT_TIERING"
                  }
                ]
              }
            ],
            "timeouts": null,
            "transition_default_minimum_object_size": "all_storage_classes_128K"
          },
          "sensitive_attributes": [],
          "identity_schema_version": 0,
          "dependencies": [
            "module.asset_buckets.aws_s3_bucket.this",
            "module.asset_buckets.random_id.suffix"
          ]
        }
      ]
    },
    {
      "module": "module.asset_buckets[\"ebooks-public\"]",
      "mode": "managed",
      "type": "aws_s3_bucket_ownership_controls",
      "name": "this",
      "provider": "provider[\"registry.terraform.io/hashicorp/aws\"]",
      "instances": [
        {
          "schema_version": 0,
          "attributes": {
            "bucket": "clarivum-app-prod-ebooks-public-dedb",
            "id": "clarivum-app-prod-ebooks-public-dedb",
            "region": "eu-central-1",
            "rule": [
              {
                "object_ownership": "BucketOwnerEnforced"
              }
            ]
          },
          "sensitive_attributes": [],
          "identity_schema_version": 0,
          "identity": {
            "account_id": "869603330574",
            "bucket": "clarivum-app-prod-ebooks-public-dedb",
            "region": "eu-central-1"
          },
          "private": "bnVsbA==",
          "dependencies": [
            "module.asset_buckets.aws_s3_bucket.this",
            "module.asset_buckets.random_id.suffix"
          ]
        }
      ]
    },
    {
      "module": "module.asset_buckets[\"ebooks-public\"]",
      "mode": "managed",
      "type": "aws_s3_bucket_policy",
      "name": "secure_transport",
      "provider": "provider[\"registry.terraform.io/hashicorp/aws\"]",
      "instances": [
        {
          "schema_version": 0,
          "attributes": {
            "bucket": "clarivum-app-prod-ebooks-public-dedb",
            "id": "clarivum-app-prod-ebooks-public-dedb",
            "policy": "{\"Statement\":[{\"Action\":\"s3:*\",\"Condition\":{\"Bool\":{\"aws:SecureTransport\":\"false\"}},\"Effect\":\"Deny\",\"Principal\":\"*\",\"Resource\":[\"arn:aws:s3:::clarivum-app-prod-ebooks-public-dedb/*\",\"arn:aws:s3:::clarivum-app-prod-ebooks-public-dedb\"],\"Sid\":\"DenyInsecureTransport\"}],\"Version\":\"2012-10-17\"}",
            "region": "eu-central-1"
          },
          "sensitive_attributes": [],
          "identity_schema_version": 0,
          "identity": {
            "account_id": "869603330574",
            "bucket": "clarivum-app-prod-ebooks-public-dedb",
            "region": "eu-central-1"
          },
          "private": "bnVsbA==",
          "dependencies": [
            "module.asset_buckets.aws_s3_bucket.this",
            "module.asset_buckets.data.aws_iam_policy_document.secure_transport",
            "module.asset_buckets.random_id.suffix"
          ]
        }
      ]
    },
    {
      "module": "module.asset_buckets[\"ebooks-public\"]",
      "mode": "managed",
      "type": "aws_s3_bucket_public_access_block",
      "name": "this",
      "provider": "provider[\"registry.terraform.io/hashicorp/aws\"]",
      "instances": [
        {
          "schema_version": 0,
          "attributes": {
            "block_public_acls": true,
            "block_public_policy": true,
            "bucket": "clarivum-app-prod-ebooks-public-dedb",
            "id": "clarivum-app-prod-ebooks-public-dedb",
            "ignore_public_acls": true,
            "region": "eu-central-1",
            "restrict_public_buckets": true,
            "skip_destroy": null
          },
          "sensitive_attributes": [],
          "identity_schema_version": 0,
          "identity": {
            "account_id": "869603330574",
            "bucket": "clarivum-app-prod-ebooks-public-dedb",
            "region": "eu-central-1"
          },
          "private": "bnVsbA==",
          "dependencies": [
            "module.asset_buckets.aws_s3_bucket.this",
            "module.asset_buckets.random_id.suffix"
          ]
        }
      ]
    },
    {
      "module": "module.asset_buckets[\"ebooks-public\"]",
      "mode": "managed",
      "type": "aws_s3_bucket_server_side_encryption_configuration",
      "name": "this",
      "provider": "provider[\"registry.terraform.io/hashicorp/aws\"]",
      "instances": [
        {
          "schema_version": 0,
          "attributes": {
            "bucket": "clarivum-app-prod-ebooks-public-dedb",
            "expected_bucket_owner": "",
            "id": "clarivum-app-prod-ebooks-public-dedb",
            "region": "eu-central-1",
            "rule": [
              {
                "apply_server_side_encryption_by_default": [
                  {
                    "kms_master_key_id": "alias/aws/s3",
                    "sse_algorithm": "aws:kms"
                  }
                ],
                "bucket_key_enabled": null
              }
            ]
          },
          "sensitive_attributes": [],
          "identity_schema_version": 0,
          "identity": {
            "account_id": "869603330574",
            "bucket": "clarivum-app-prod-ebooks-public-dedb",
            "expected_bucket_owner": null,
            "region": "eu-central-1"
          },
          "private": "bnVsbA==",
          "dependencies": [
            "module.asset_buckets.aws_s3_bucket.this",
            "module.asset_buckets.random_id.suffix"
          ]
        }
      ]
    },
    {
      "module": "module.asset_buckets[\"ebooks-public\"]",
      "mode": "managed",
      "type": "aws_s3_bucket_versioning",
      "name": "this",
      "provider": "provider[\"registry.terraform.io/hashicorp/aws\"]",
      "instances": [
        {
          "schema_version": 0,
          "attributes": {
            "bucket": "clarivum-app-prod-ebooks-public-dedb",
            "expected_bucket_owner": "",
            "id": "clarivum-app-prod-ebooks-public-dedb",
            "mfa": null,
            "region": "eu-central-1",
            "versioning_configuration": [
              {
                "mfa_delete": "",
                "status": "Enabled"
              }
            ]
          },
          "sensitive_attributes": [],
          "identity_schema_version": 0,
          "identity": {
            "account_id": "869603330574",
            "bucket": "clarivum-app-prod-ebooks-public-dedb",
            "expected_bucket_owner": null,
            "region": "eu-central-1"
          },
          "private": "bnVsbA==",
          "dependencies": [
            "module.asset_buckets.aws_s3_bucket.this",
            "module.asset_buckets.random_id.suffix"
          ]
        }
      ]
    },
    {
      "module": "module.asset_buckets[\"ebooks-public\"]",
      "mode": "managed",
      "type": "random_id",
      "name": "suffix",
      "provider": "provider[\"registry.terraform.io/hashicorp/random\"]",
      "instances": [
        {
          "index_key": 0,
          "schema_version": 0,
          "attributes": {
            "b64_std": "3ts=",
            "b64_url": "3ts",
            "byte_length": 2,
            "dec": "57051",
            "hex": "dedb",
            "id": "3ts",
            "keepers": {
              "prefix": "clarivum-app-prod-ebooks-public"
            },
            "prefix": null
          },
          "sensitive_attributes": [],
          "identity_schema_version": 0
        }
      ]
    },
    {
      "module": "module.aurora",
      "mode": "managed",
      "type": "aws_db_subnet_group",
      "name": "this",
      "provider": "provider[\"registry.terraform.io/hashicorp/aws\"]",
      "instances": [
        {
          "schema_version": 0,
          "attributes": {
            "arn": "arn:aws:rds:eu-central-1:869603330574:subgrp:platform-prod-aurora-subnet-group",
            "description": "Aurora subnet group for platform-prod-aurora",
            "id": "platform-prod-aurora-subnet-group",
            "name": "platform-prod-aurora-subnet-group",
            "name_prefix": "",
            "region": "eu-central-1",
            "subnet_ids": [
              "subnet-05749cf7d39e9ea78",
              "subnet-0dc83583337c45c03"
            ],
            "supported_network_types": [
              "IPV4"
            ],
            "tags": {
              "Criticality": "tier-1",
              "Environment": "prod",
              "ManagedBy": "terraform",
              "Name": "platform-prod-aurora",
              "Owner": "platform-team",
              "Repository": "clarivum",
              "Service": "app-data",
              "ServiceLine": "platform"
            },
            "tags_all": {
              "Criticality": "tier-1",
              "Environment": "prod",
              "ManagedBy": "terraform",
              "Name": "platform-prod-aurora",
              "Owner": "platform-team",
              "Repository": "clarivum",
              "Service": "app-data",
              "ServiceLine": "platform"
            },
            "vpc_id": "vpc-063a9bf56877fa0f5"
          },
          "sensitive_attributes": [],
          "identity_schema_version": 0,
          "private": "bnVsbA=="
        }
      ]
    },
    {
      "module": "module.aurora",
      "mode": "managed",
      "type": "aws_rds_cluster",
      "name": "this",
      "provider": "provider[\"registry.terraform.io/hashicorp/aws\"]",
      "instances": [
        {
          "schema_version": 1,
          "attributes": {
            "allocated_storage": 1,
            "allow_major_version_upgrade": null,
            "apply_immediately": false,
            "arn": "arn:aws:rds:eu-central-1:869603330574:cluster:platform-prod-aurora",
            "availability_zones": [
              "eu-central-1a",
              "eu-central-1b",
              "eu-central-1c"
            ],
            "backtrack_window": 0,
            "backup_retention_period": 14,
            "ca_certificate_identifier": null,
            "ca_certificate_valid_till": null,
            "cluster_identifier": "platform-prod-aurora",
            "cluster_identifier_prefix": "",
            "cluster_members": [],
            "cluster_resource_id": "cluster-F2ZGO5KFE55QUZ3PFF2KH6YDGU",
            "cluster_scalability_type": "",
            "copy_tags_to_snapshot": true,
            "database_insights_mode": "standard",
            "database_name": "clarivum",
            "db_cluster_instance_class": "",
            "db_cluster_parameter_group_name": "default.aurora-postgresql15",
            "db_instance_parameter_group_name": null,
            "db_subnet_group_name": "platform-prod-aurora-subnet-group",
            "db_system_id": "",
            "delete_automated_backups": true,
            "deletion_protection": true,
            "domain": "",
            "domain_iam_role_name": "",
            "enable_global_write_forwarding": false,
            "enable_http_endpoint": false,
            "enable_local_write_forwarding": false,
            "enabled_cloudwatch_logs_exports": [
              "postgresql"
            ],
            "endpoint": "platform-prod-aurora.cluster-c3ss2q66m8yw.eu-central-1.rds.amazonaws.com",
            "engine": "aurora-postgresql",
            "engine_lifecycle_support": "open-source-rds-extended-support",
            "engine_mode": "provisioned",
            "engine_version": "15.13",
            "engine_version_actual": "15.13",
            "final_snapshot_identifier": null,
            "global_cluster_identifier": "",
            "hosted_zone_id": "Z1RLNUO7B9Q6NB",
            "iam_database_authentication_enabled": false,
            "iam_roles": [],
            "id": "platform-prod-aurora",
            "iops": 0,
            "kms_key_id": "arn:aws:kms:eu-central-1:869603330574:key/f0f8eae9-5742-480a-9160-185d7df17bf0",
            "manage_master_user_password": null,
            "master_password": "0zOYFYTpl_yP!_cyAwAIp%iEvYy8=b9c",
            "master_password_wo": null,
            "master_password_wo_version": null,
            "master_user_secret": [],
            "master_user_secret_kms_key_id": null,
            "master_username": "platformadmin",
            "monitoring_interval": 0,
            "monitoring_role_arn": "",
            "network_type": "IPV4",
            "performance_insights_enabled": false,
            "performance_insights_kms_key_id": "",
            "performance_insights_retention_period": 0,
            "port": 5432,
            "preferred_backup_window": "01:30-02:30",
            "preferred_maintenance_window": "sun:02:30-sun:04:30",
            "reader_endpoint": "platform-prod-aurora.cluster-ro-c3ss2q66m8yw.eu-central-1.rds.amazonaws.com",
            "region": "eu-central-1",
            "replication_source_identifier": "",
            "restore_to_point_in_time": [],
            "s3_import": [],
            "scaling_configuration": [],
            "serverlessv2_scaling_configuration": [
              {
                "max_capacity": 8,
                "min_capacity": 2,
                "seconds_until_auto_pause": 0
              }
            ],
            "skip_final_snapshot": false,
            "snapshot_identifier": null,
            "source_region": null,
            "storage_encrypted": true,
            "storage_type": "",
            "tags": {
              "Criticality": "tier-1",
              "Environment": "prod",
              "ManagedBy": "terraform",
              "Name": "platform-prod-aurora",
              "Owner": "platform-team",
              "Repository": "clarivum",
              "Service": "app-data",
              "ServiceLine": "platform"
            },
            "tags_all": {
              "Criticality": "tier-1",
              "Environment": "prod",
              "ManagedBy": "terraform",
              "Name": "platform-prod-aurora",
              "Owner": "platform-team",
              "Repository": "clarivum",
              "Service": "app-data",
              "ServiceLine": "platform"
            },
            "timeouts": null,
            "vpc_security_group_ids": [
              "sg-0bbef28fe6e7755c4"
            ]
          },
          "sensitive_attributes": [
            [
              {
                "type": "get_attr",
                "value": "master_password"
              }
            ],
            [
              {
                "type": "get_attr",
                "value": "master_password_wo"
              }
            ]
          ],
          "identity_schema_version": 0,
          "private": "eyJlMmJmYjczMC1lY2FhLTExZTYtOGY4OC0zNDM2M2JjN2M0YzAiOnsiY3JlYXRlIjo3MjAwMDAwMDAwMDAwLCJkZWxldGUiOjcyMDAwMDAwMDAwMDAsInVwZGF0ZSI6NzIwMDAwMDAwMDAwMH0sInNjaGVtYV92ZXJzaW9uIjoiMSJ9",
          "dependencies": [
            "module.aurora.aws_db_subnet_group.this",
            "module.aurora.aws_rds_cluster_parameter_group.this",
            "module.aurora.random_password.master"
          ]
        }
      ]
    },
    {
      "module": "module.aurora",
      "mode": "managed",
      "type": "aws_rds_cluster_instance",
      "name": "this",
      "provider": "provider[\"registry.terraform.io/hashicorp/aws\"]",
      "instances": [
        {
          "index_key": 0,
          "schema_version": 0,
          "attributes": {
            "apply_immediately": false,
            "arn": "arn:aws:rds:eu-central-1:869603330574:db:platform-prod-aurora-01",
            "auto_minor_version_upgrade": true,
            "availability_zone": "eu-central-1b",
            "ca_cert_identifier": "rds-ca-rsa2048-g1",
            "cluster_identifier": "platform-prod-aurora",
            "copy_tags_to_snapshot": false,
            "custom_iam_instance_profile": "",
            "db_parameter_group_name": "default.aurora-postgresql15",
            "db_subnet_group_name": "platform-prod-aurora-subnet-group",
            "dbi_resource_id": "db-NEN6LX7LA4AABD6TMUA4GAA53M",
            "endpoint": "platform-prod-aurora-01.c3ss2q66m8yw.eu-central-1.rds.amazonaws.com",
            "engine": "aurora-postgresql",
            "engine_version": "15.13",
            "engine_version_actual": "15.13",
            "force_destroy": false,
            "id": "platform-prod-aurora-01",
            "identifier": "platform-prod-aurora-01",
            "identifier_prefix": "",
            "instance_class": "db.serverless",
            "kms_key_id": "arn:aws:kms:eu-central-1:869603330574:key/f0f8eae9-5742-480a-9160-185d7df17bf0",
            "monitoring_interval": 0,
            "monitoring_role_arn": "",
            "network_type": "IPV4",
            "performance_insights_enabled": false,
            "performance_insights_kms_key_id": "",
            "performance_insights_retention_period": 0,
            "port": 5432,
            "preferred_backup_window": "01:30-02:30",
            "preferred_maintenance_window": "fri:22:49-fri:23:19",
            "promotion_tier": 0,
            "publicly_accessible": false,
            "region": "eu-central-1",
            "storage_encrypted": true,
            "tags": {
              "Criticality": "tier-1",
              "Environment": "prod",
              "ManagedBy": "terraform",
              "Name": "platform-prod-aurora",
              "Owner": "platform-team",
              "Repository": "clarivum",
              "Service": "app-data",
              "ServiceLine": "platform"
            },
            "tags_all": {
              "Criticality": "tier-1",
              "Environment": "prod",
              "ManagedBy": "terraform",
              "Name": "platform-prod-aurora",
              "Owner": "platform-team",
              "Repository": "clarivum",
              "Service": "app-data",
              "ServiceLine": "platform"
            },
            "timeouts": null,
            "writer": true
          },
          "sensitive_attributes": [],
          "identity_schema_version": 0,
          "private": "eyJlMmJmYjczMC1lY2FhLTExZTYtOGY4OC0zNDM2M2JjN2M0YzAiOnsiY3JlYXRlIjo1NDAwMDAwMDAwMDAwLCJkZWxldGUiOjU0MDAwMDAwMDAwMDAsInVwZGF0ZSI6NTQwMDAwMDAwMDAwMH19",
          "dependencies": [
            "module.aurora.aws_db_subnet_group.this",
            "module.aurora.aws_rds_cluster.this",
            "module.aurora.aws_rds_cluster_parameter_group.this",
            "module.aurora.random_password.master"
          ]
        }
      ]
    },
    {
      "module": "module.aurora",
      "mode": "managed",
      "type": "random_password",
      "name": "master",
      "provider": "provider[\"registry.terraform.io/hashicorp/random\"]",
      "instances": [
        {
          "schema_version": 3,
          "attributes": {
            "bcrypt_hash": "$2a$10$asSEwBa751oCzFdPEjKoEOEdmfzVRelkG.ObtB4WRpZo/SVCdYEHq",
            "id": "none",
            "keepers": null,
            "length": 32,
            "lower": true,
            "min_lower": 0,
            "min_numeric": 0,
            "min_special": 0,
            "min_upper": 0,
            "number": true,
            "numeric": true,
            "override_special": "!#$%\u0026()*+-_=",
            "result": "0zOYFYTpl_yP!_cyAwAIp%iEvYy8=b9c",
            "special": true,
            "upper": true
          },
          "sensitive_attributes": [
            [
              {
                "type": "get_attr",
                "value": "bcrypt_hash"
              }
            ],
            [
              {
                "type": "get_attr",
                "value": "result"
              }
            ]
          ],
          "identity_schema_version": 0
        }
      ]
    }
  ],
  "check_results": null
}
