{
  "version": 4,
  "terraform_version": "1.13.4",
  "serial": 46,
  "lineage": "905f1f4a-9b4f-51bb-45fa-562adb1564b4",
  "outputs": {
    "asset_buckets": {
      "value": {},
      "type": [
        "object",
        {}
      ]
    },
    "aurora_cluster_arn": {
      "value": "arn:aws:rds:eu-central-1:869603330574:cluster:platform-dev-aurora",
      "type": "string"
    },
    "aurora_db_subnet_group": {
      "value": "platform-dev-db-subnets",
      "type": "string"
    },
    "aurora_master_username": {
      "value": "platformadmin",
      "type": "string"
    },
    "aurora_reader_endpoint": {
      "value": "platform-dev-aurora.cluster-ro-c3ss2q66m8yw.eu-central-1.rds.amazonaws.com",
      "type": "string"
    },
    "aurora_writer_endpoint": {
      "value": "platform-dev-aurora.cluster-c3ss2q66m8yw.eu-central-1.rds.amazonaws.com",
      "type": "string"
    }
  },
  "resources": [
    {
      "module": "module.aurora",
      "mode": "managed",
      "type": "aws_db_subnet_group",
      "name": "this",
      "provider": "provider[\"registry.terraform.io/hashicorp/aws\"]",
      "instances": [
        {
          "schema_version": 0,
          "attributes": {
            "arn": "arn:aws:rds:eu-central-1:869603330574:subgrp:platform-dev-db-subnets",
            "description": "Aurora subnet group for platform-dev-aurora",
            "id": "platform-dev-db-subnets",
            "name": "platform-dev-db-subnets",
            "name_prefix": "",
            "region": "eu-central-1",
            "subnet_ids": [
              "subnet-07958bfe0e465d42e",
              "subnet-0b4a2e4455725e8ed"
            ],
            "supported_network_types": [
              "IPV4"
            ],
            "tags": {
              "CostCenter": "dev-platform",
              "Environment": "dev",
              "ManagedBy": "terraform",
              "Name": "platform-dev-aurora",
              "Owner": "platform-team",
              "Repository": "clarivum",
              "Service": "app-data",
              "ServiceLine": "platform"
            },
            "tags_all": {
              "CostCenter": "dev-platform",
              "Environment": "dev",
              "ManagedBy": "terraform",
              "Name": "platform-dev-aurora",
              "Owner": "platform-team",
              "Repository": "clarivum",
              "Service": "app-data",
              "ServiceLine": "platform"
            },
            "vpc_id": "vpc-0bfe1a3458c531a72"
          },
          "sensitive_attributes": [],
          "identity_schema_version": 0,
          "private": "bnVsbA=="
        }
      ]
    },
    {
      "module": "module.aurora",
      "mode": "managed",
      "type": "aws_rds_cluster",
      "name": "this",
      "provider": "provider[\"registry.terraform.io/hashicorp/aws\"]",
      "instances": [
        {
          "schema_version": 1,
          "attributes": {
            "allocated_storage": 1,
            "allow_major_version_upgrade": null,
            "apply_immediately": false,
            "arn": "arn:aws:rds:eu-central-1:869603330574:cluster:platform-dev-aurora",
            "availability_zones": [
              "eu-central-1a",
              "eu-central-1b",
              "eu-central-1c"
            ],
            "backtrack_window": 0,
            "backup_retention_period": 7,
            "ca_certificate_identifier": null,
            "ca_certificate_valid_till": null,
            "cluster_identifier": "platform-dev-aurora",
            "cluster_identifier_prefix": "",
            "cluster_members": [],
            "cluster_resource_id": "cluster-RTM3UQWJCVDSBRP36UGEBCXBCM",
            "cluster_scalability_type": "",
            "copy_tags_to_snapshot": false,
            "database_insights_mode": "standard",
            "database_name": "clarivum",
            "db_cluster_instance_class": "",
            "db_cluster_parameter_group_name": "platform-dev-apg",
            "db_instance_parameter_group_name": null,
            "db_subnet_group_name": "platform-dev-db-subnets",
            "db_system_id": "",
            "delete_automated_backups": true,
            "deletion_protection": false,
            "domain": "",
            "domain_iam_role_name": "",
            "enable_global_write_forwarding": false,
            "enable_http_endpoint": false,
            "enable_local_write_forwarding": false,
            "enabled_cloudwatch_logs_exports": [
              "postgresql"
            ],
            "endpoint": "platform-dev-aurora.cluster-c3ss2q66m8yw.eu-central-1.rds.amazonaws.com",
            "engine": "aurora-postgresql",
            "engine_lifecycle_support": "open-source-rds-extended-support",
            "engine_mode": "provisioned",
            "engine_version": "15.13",
            "engine_version_actual": "15.13",
            "final_snapshot_identifier": null,
            "global_cluster_identifier": "",
            "hosted_zone_id": "Z1RLNUO7B9Q6NB",
            "iam_database_authentication_enabled": false,
            "iam_roles": [],
            "id": "platform-dev-aurora",
            "iops": 0,
            "kms_key_id": "arn:aws:kms:eu-central-1:869603330574:key/f0f8eae9-5742-480a-9160-185d7df17bf0",
            "manage_master_user_password": null,
            "master_password": null,
            "master_password_wo": null,
            "master_password_wo_version": null,
            "master_user_secret": [],
            "master_user_secret_kms_key_id": null,
            "master_username": "platformadmin",
            "monitoring_interval": 0,
            "monitoring_role_arn": "",
            "network_type": "IPV4",
            "performance_insights_enabled": false,
            "performance_insights_kms_key_id": "",
            "performance_insights_retention_period": 0,
            "port": 5432,
            "preferred_backup_window": "00:05-00:35",
            "preferred_maintenance_window": "sun:02:43-sun:03:13",
            "reader_endpoint": "platform-dev-aurora.cluster-ro-c3ss2q66m8yw.eu-central-1.rds.amazonaws.com",
            "region": "eu-central-1",
            "replication_source_identifier": "",
            "restore_to_point_in_time": [],
            "s3_import": [],
            "scaling_configuration": [],
            "serverlessv2_scaling_configuration": [
              {
                "max_capacity": 8,
                "min_capacity": 2,
                "seconds_until_auto_pause": 0
              }
            ],
            "skip_final_snapshot": false,
            "snapshot_identifier": null,
            "source_region": null,
            "storage_encrypted": true,
            "storage_type": "",
            "tags": {
              "CostCenter": "dev-platform",
              "Environment": "dev",
              "ManagedBy": "terraform",
              "Name": "platform-dev-aurora",
              "Owner": "platform-team",
              "Repository": "clarivum",
              "Service": "app-data",
              "ServiceLine": "platform"
            },
            "tags_all": {
              "CostCenter": "dev-platform",
              "Environment": "dev",
              "ManagedBy": "terraform",
              "Name": "platform-dev-aurora",
              "Owner": "platform-team",
              "Repository": "clarivum",
              "Service": "app-data",
              "ServiceLine": "platform"
            },
            "timeouts": null,
            "vpc_security_group_ids": [
              "sg-0c15ce9c398884071"
            ]
          },
          "sensitive_attributes": [
            [
              {
                "type": "get_attr",
                "value": "master_password"
              }
            ],
            [
              {
                "type": "get_attr",
                "value": "master_password_wo"
              }
            ]
          ],
          "identity_schema_version": 0,
          "private": "eyJlMmJmYjczMC1lY2FhLTExZTYtOGY4OC0zNDM2M2JjN2M0YzAiOnsiY3JlYXRlIjo3MjAwMDAwMDAwMDAwLCJkZWxldGUiOjcyMDAwMDAwMDAwMDAsInVwZGF0ZSI6NzIwMDAwMDAwMDAwMH0sInNjaGVtYV92ZXJzaW9uIjoiMSJ9",
          "dependencies": [
            "module.aurora.aws_db_subnet_group.this",
            "module.aurora.aws_rds_cluster_parameter_group.this",
            "module.aurora.random_password.master"
          ]
        }
      ]
    },
    {
      "module": "module.aurora",
      "mode": "managed",
      "type": "aws_rds_cluster_instance",
      "name": "this",
      "provider": "provider[\"registry.terraform.io/hashicorp/aws\"]",
      "instances": [
        {
          "index_key": 0,
          "schema_version": 0,
          "attributes": {
            "apply_immediately": false,
            "arn": "arn:aws:rds:eu-central-1:869603330574:db:platform-dev-aurora-instance-1",
            "auto_minor_version_upgrade": true,
            "availability_zone": "eu-central-1b",
            "ca_cert_identifier": "rds-ca-rsa2048-g1",
            "cluster_identifier": "platform-dev-aurora",
            "copy_tags_to_snapshot": false,
            "custom_iam_instance_profile": "",
            "db_parameter_group_name": "platform-dev-instance-pg",
            "db_subnet_group_name": "platform-dev-db-subnets",
            "dbi_resource_id": "db-5JGICQAI5I2HBPCSPCU6AOB5GQ",
            "endpoint": "platform-dev-aurora-instance-1.c3ss2q66m8yw.eu-central-1.rds.amazonaws.com",
            "engine": "aurora-postgresql",
            "engine_version": "15.13",
            "engine_version_actual": "15.13",
            "force_destroy": false,
            "id": "platform-dev-aurora-instance-1",
            "identifier": "platform-dev-aurora-instance-1",
            "identifier_prefix": "",
            "instance_class": "db.serverless",
            "kms_key_id": "arn:aws:kms:eu-central-1:869603330574:key/f0f8eae9-5742-480a-9160-185d7df17bf0",
            "monitoring_interval": 0,
            "monitoring_role_arn": "",
            "network_type": "IPV4",
            "performance_insights_enabled": false,
            "performance_insights_kms_key_id": "",
            "performance_insights_retention_period": 0,
            "port": 5432,
            "preferred_backup_window": "00:05-00:35",
            "preferred_maintenance_window": "mon:01:09-mon:01:39",
            "promotion_tier": 0,
            "publicly_accessible": false,
            "region": "eu-central-1",
            "storage_encrypted": true,
            "tags": {
              "CostCenter": "dev-platform",
              "Environment": "dev",
              "ManagedBy": "terraform",
              "Name": "platform-dev-aurora",
              "Owner": "platform-team",
              "Repository": "clarivum",
              "Service": "app-data",
              "ServiceLine": "platform"
            },
            "tags_all": {
              "CostCenter": "dev-platform",
              "Environment": "dev",
              "ManagedBy": "terraform",
              "Name": "platform-dev-aurora",
              "Owner": "platform-team",
              "Repository": "clarivum",
              "Service": "app-data",
              "ServiceLine": "platform"
            },
            "timeouts": null,
            "writer": true
          },
          "sensitive_attributes": [],
          "identity_schema_version": 0,
          "private": "eyJlMmJmYjczMC1lY2FhLTExZTYtOGY4OC0zNDM2M2JjN2M0YzAiOnsiY3JlYXRlIjo1NDAwMDAwMDAwMDAwLCJkZWxldGUiOjU0MDAwMDAwMDAwMDAsInVwZGF0ZSI6NTQwMDAwMDAwMDAwMH19",
          "dependencies": [
            "module.aurora.aws_db_subnet_group.this",
            "module.aurora.aws_rds_cluster.this",
            "module.aurora.aws_rds_cluster_parameter_group.this",
            "module.aurora.random_password.master"
          ]
        }
      ]
    }
  ],
  "check_results": null
}
